{
  "name": "emulatorjs-minify",
  "version": "1.0.1",
  "lockfileVersion": 3,
  "requires": true,
  "packages": {
    "": {
      "name": "emulatorjs-minify",
      "version": "1.0.1",
      "dependencies": {
        "uglify-js": "^3.17.4",
        "uglifycss": "0.0.29"
      }
    },
    "node_modules/uglify-js": {
      "version": "3.19.2",
      "resolved": "https://registry.npmjs.org/uglify-js/-/uglify-js-3.19.2.tgz",
      "integrity": "sha512-S8KA6DDI47nQXJSi2ctQ629YzwOVs+bQML6DAtvy0wgNdpi+0ySpQK0g2pxBq2xfF2z3YCscu7NNA8nXT9PlIQ==",
      "license": "BSD-2-Clause",
      "bin": {
        "uglifyjs": "bin/uglifyjs"
      },
      "engines": {
        "node": ">=0.8.0"
      }
    },
    "node_modules/uglifycss": {
      "version": "0.0.29",
      "resolved": "https://registry.npmjs.org/uglifycss/-/uglifycss-0.0.29.tgz",
      "integrity": "sha512-J2SQ2QLjiknNGbNdScaNZsXgmMGI0kYNrXaDlr4obnPW9ni1jljb1NeEVWAiTgZ8z+EBWP2ozfT9vpy03rjlMQ==",
      "license": "MIT",
      "bin": {
        "uglifycss": "uglifycss"
      },
      "engines": {
        "node": ">=6.4.0"
      }
    }
  }
}
